
Microsoft Visual Studio Solution File, Format Version 12.00
# Visual Studio Version 17
VisualStudioVersion = 17.0.31903.59
MinimumVisualStudioVersion = 10.0.40219.1
Project("{FAE04EC0-301F-11D3-BF4B-00C04F79EFBC}") = "OllamaRedisImageSearch", "OllamaRedisImageSearch\OllamaRedisImageSearch.csproj", "{FE4B9A47-8E33-46A9-A1C8-2680309F8846}"
EndProject
Project("{FAE04EC0-301F-11D3-BF4B-00C04F79EFBC}") = "OllamaRedisImageSearch.GUI", "OllamaRedisImageSearch.GUI\OllamaRedisImageSearch.GUI.csproj", "{DCB99347-E990-49FA-ACE1-54134A4C6FFB}"
EndProject
Global
	GlobalSection(SolutionConfigurationPlatforms) = preSolution
		Debug|Any CPU = Debug|Any CPU
		Debug|x64 = Debug|x64
		Debug|x86 = Debug|x86
		Release|Any CPU = Release|Any CPU
		Release|x64 = Release|x64
		Release|x86 = Release|x86
	EndGlobalSection
	GlobalSection(ProjectConfigurationPlatforms) = postSolution
		{FE4B9A47-8E33-46A9-A1C8-2680309F8846}.Debug|Any CPU.ActiveCfg = Debug|Any CPU
		{FE4B9A47-8E33-46A9-A1C8-2680309F8846}.Debug|Any CPU.Build.0 = Debug|Any CPU
		{FE4B9A47-8E33-46A9-A1C8-2680309F8846}.Debug|x64.ActiveCfg = Debug|Any CPU
		{FE4B9A47-8E33-46A9-A1C8-2680309F8846}.Debug|x64.Build.0 = Debug|Any CPU
		{FE4B9A47-8E33-46A9-A1C8-2680309F8846}.Debug|x86.ActiveCfg = Debug|Any CPU
		{FE4B9A47-8E33-46A9-A1C8-2680309F8846}.Debug|x86.Build.0 = Debug|Any CPU
		{FE4B9A47-8E33-46A9-A1C8-2680309F8846}.Release|Any CPU.ActiveCfg = Release|Any CPU
		{FE4B9A47-8E33-46A9-A1C8-2680309F8846}.Release|Any CPU.Build.0 = Release|Any CPU
		{FE4B9A47-8E33-46A9-A1C8-2680309F8846}.Release|x64.ActiveCfg = Release|Any CPU
		{FE4B9A47-8E33-46A9-A1C8-2680309F8846}.Release|x64.Build.0 = Release|Any CPU
		{FE4B9A47-8E33-46A9-A1C8-2680309F8846}.Release|x86.ActiveCfg = Release|Any CPU
		{FE4B9A47-8E33-46A9-A1C8-2680309F8846}.Release|x86.Build.0 = Release|Any CPU
		{DCB99347-E990-49FA-ACE1-54134A4C6FFB}.Debug|Any CPU.ActiveCfg = Debug|Any CPU
		{DCB99347-E990-49FA-ACE1-54134A4C6FFB}.Debug|Any CPU.Build.0 = Debug|Any CPU
		{DCB99347-E990-49FA-ACE1-54134A4C6FFB}.Debug|x64.ActiveCfg = Debug|Any CPU
		{DCB99347-E990-49FA-ACE1-54134A4C6FFB}.Debug|x64.Build.0 = Debug|Any CPU
		{DCB99347-E990-49FA-ACE1-54134A4C6FFB}.Debug|x86.ActiveCfg = Debug|Any CPU
		{DCB99347-E990-49FA-ACE1-54134A4C6FFB}.Debug|x86.Build.0 = Debug|Any CPU
		{DCB99347-E990-49FA-ACE1-54134A4C6FFB}.Release|Any CPU.ActiveCfg = Release|Any CPU
		{DCB99347-E990-49FA-ACE1-54134A4C6FFB}.Release|Any CPU.Build.0 = Release|Any CPU
		{DCB99347-E990-49FA-ACE1-54134A4C6FFB}.Release|x64.ActiveCfg = Release|Any CPU
		{DCB99347-E990-49FA-ACE1-54134A4C6FFB}.Release|x64.Build.0 = Release|Any CPU
		{DCB99347-E990-49FA-ACE1-54134A4C6FFB}.Release|x86.ActiveCfg = Release|Any CPU
		{DCB99347-E990-49FA-ACE1-54134A4C6FFB}.Release|x86.Build.0 = Release|Any CPU
	EndGlobalSection
	GlobalSection(SolutionProperties) = preSolution
		HideSolutionNode = FALSE
	EndGlobalSection
EndGlobal
